# THIS IS AN AUTOGENERATED FILE. DO NOT EDIT THIS FILE DIRECTLY.
# yarn lockfile v1


"@types/faker@^4.1.9":
  version "4.1.9"
  resolved "https://registry.yarnpkg.com/@types/faker/-/faker-4.1.9.tgz#5539f331eb66fc40f06ad307e52ed83f2a3fe1bb"
  integrity sha512-4ZFqA3CEXB6MgT8sDV8E5LhW+O9ndONsHeQXMbEwfOsjoQ4UXKqTJKru+BjDBUfobYEpQz1WYF9/uzQsvbY2wA==

"@types/googlemaps@^3.39.2":
  version "3.39.2"
  resolved "https://registry.yarnpkg.com/@types/googlemaps/-/googlemaps-3.39.2.tgz#a85721970305f7b6e50b1369aed53be35485d11a"
  integrity sha512-eQNK23aCejjTF/HCzMObVPisnj6oBpWerhKpm849xW5JYocIHpnHnGYzWc9w076hIEpMt0bAxyPOaCoruYeGqg==

faker@^4.1.0:
  version "4.1.0"
  resolved "https://registry.yarnpkg.com/faker/-/faker-4.1.0.tgz#1e45bbbecc6774b3c195fad2835109c6d748cc3f"
  integrity sha1-HkW7vsxndLPBlfrSg1EJxtdIzD8=

typescript@^3.7.5:
  version "3.7.5"
  resolved "https://registry.yarnpkg.com/typescript/-/typescript-3.7.5.tgz#0692e21f65fd4108b9330238aac11dd2e177a1ae"
  integrity sha512-/P5lkRXkWHNAbcJIiHPfRoKqyd7bsyCma1hZNUGfn20qm64T6ZBlrzprymeu918H+mB/0rIg2gGK/BXkhhYgBw==
